
Microsoft Visual Studio Solution File, Format Version 12.00
# Visual Studio Version 16
VisualStudioVersion = 16.0.29025.244
MinimumVisualStudioVersion = 10.0.40219.1
Project("{8BC9CEB8-8B4A-11D0-8D11-00A0C91BC942}") = "2 sem lab 14", "2 sem lab 14.vcxproj", "{E830DA8E-E8DB-4E48-B84E-AEC5238A9EB7}"
EndProject
Global
	GlobalSection(SolutionConfigurationPlatforms) = preSolution
		Debug|x64 = Debug|x64
		Debug|x86 = Debug|x86
		Release|x64 = Release|x64
		Release|x86 = Release|x86
	EndGlobalSection
	GlobalSection(ProjectConfigurationPlatforms) = postSolution
		{E830DA8E-E8DB-4E48-B84E-AEC5238A9EB7}.Debug|x64.ActiveCfg = Debug|x64
		{E830DA8E-E8DB-4E48-B84E-AEC5238A9EB7}.Debug|x64.Build.0 = Debug|x64
		{E830DA8E-E8DB-4E48-B84E-AEC5238A9EB7}.Debug|x86.ActiveCfg = Debug|Win32
		{E830DA8E-E8DB-4E48-B84E-AEC5238A9EB7}.Debug|x86.Build.0 = Debug|Win32
		{E830DA8E-E8DB-4E48-B84E-AEC5238A9EB7}.Release|x64.ActiveCfg = Release|x64
		{E830DA8E-E8DB-4E48-B84E-AEC5238A9EB7}.Release|x64.Build.0 = Release|x64
		{E830DA8E-E8DB-4E48-B84E-AEC5238A9EB7}.Release|x86.ActiveCfg = Release|Win32
		{E830DA8E-E8DB-4E48-B84E-AEC5238A9EB7}.Release|x86.Build.0 = Release|Win32
	EndGlobalSection
	GlobalSection(SolutionProperties) = preSolution
		HideSolutionNode = FALSE
	EndGlobalSection
	GlobalSection(ExtensibilityGlobals) = postSolution
		SolutionGuid = {3A814923-A272-496B-B094-E08EC3E00EFA}
	EndGlobalSection
EndGlobal
